// !$*UTF8*$!
{
	archiveVersion = 1;
	classes = {
	};
	objectVersion = 51;
	objects = {

/* Begin PBXBuildFile section */
		200DAF2258EB516D2BBA68B8 /* Pods_Lesson_14B.framework in Frameworks */ = {isa = PBXBuildFile; fileRef = F028023B178318ADB5C6C74C /* Pods_Lesson_14B.framework */; };
		A79AD5C625C41E7C00AD3176 /* AppDelegate.swift in Sources */ = {isa = PBXBuildFile; fileRef = A79AD5C525C41E7C00AD3176 /* AppDelegate.swift */; };
		A79AD5C825C41E7C00AD3176 /* SceneDelegate.swift in Sources */ = {isa = PBXBuildFile; fileRef = A79AD5C725C41E7C00AD3176 /* SceneDelegate.swift */; };
		A79AD5CA25C41E7C00AD3176 /* ViewController.swift in Sources */ = {isa = PBXBuildFile; fileRef = A79AD5C925C41E7C00AD3176 /* ViewController.swift */; };
		A79AD5CD25C41E7C00AD3176 /* Main.storyboard in Resources */ = {isa = PBXBuildFile; fileRef = A79AD5CB25C41E7C00AD3176 /* Main.storyboard */; };
		A79AD5D025C41E7C00AD3176 /* Lesson_14B.xcdatamodeld in Sources */ = {isa = PBXBuildFile; fileRef = A79AD5CE25C41E7C00AD3176 /* Lesson_14B.xcdatamodeld */; };
		A79AD5D225C41E7D00AD3176 /* Assets.xcassets in Resources */ = {isa = PBXBuildFile; fileRef = A79AD5D125C41E7D00AD3176 /* Assets.xcassets */; };
		A79AD5D525C41E7D00AD3176 /* LaunchScreen.storyboard in Resources */ = {isa = PBXBuildFile; fileRef = A79AD5D325C41E7D00AD3176 /* LaunchScreen.storyboard */; };
		A79AD5E925C41F9100AD3176 /* taskB.swift in Sources */ = {isa = PBXBuildFile; fileRef = A79AD5E825C41F9100AD3176 /* taskB.swift */; };
		A79AD5EC25C424D600AD3176 /* TableViewCell.swift in Sources */ = {isa = PBXBuildFile; fileRef = A79AD5EB25C424D600AD3176 /* TableViewCell.swift */; };
/* End PBXBuildFile section */

/* Begin PBXFileReference section */
		087ECC69D47DB5D010E17834 /* Pods-Lesson_14B.debug.xcconfig */ = {isa = PBXFileReference; includeInIndex = 1; lastKnownFileType = text.xcconfig; name = "Pods-Lesson_14B.debug.xcconfig"; path = "Target Support Files/Pods-Lesson_14B/Pods-Lesson_14B.debug.xcconfig"; sourceTree = "<group>"; };
		A79AD5C225C41E7C00AD3176 /* Lesson_14B.app */ = {isa = PBXFileReference; explicitFileType = wrapper.application; includeInIndex = 0; path = Lesson_14B.app; sourceTree = BUILT_PRODUCTS_DIR; };
		A79AD5C525C41E7C00AD3176 /* AppDelegate.swift */ = {isa = PBXFileReference; lastKnownFileType = sourcecode.swift; path = AppDelegate.swift; sourceTree = "<group>"; };
		A79AD5C725C41E7C00AD3176 /* SceneDelegate.swift */ = {isa = PBXFileReference; lastKnownFileType = sourcecode.swift; path = SceneDelegate.swift; sourceTree = "<group>"; };
		A79AD5C925C41E7C00AD3176 /* ViewController.swift */ = {isa = PBXFileReference; lastKnownFileType = sourcecode.swift; path = ViewController.swift; sourceTree = "<group>"; };
		A79AD5CC25C41E7C00AD3176 /* Base */ = {isa = PBXFileReference; lastKnownFileType = file.storyboard; name = Base; path = Base.lproj/Main.storyboard; sourceTree = "<group>"; };
		A79AD5CF25C41E7C00AD3176 /* Lesson_14B.xcdatamodel */ = {isa = PBXFileReference; lastKnownFileType = wrapper.xcdatamodel; path = Lesson_14B.xcdatamodel; sourceTree = "<group>"; };
		A79AD5D125C41E7D00AD3176 /* Assets.xcassets */ = {isa = PBXFileReference; lastKnownFileType = folder.assetcatalog; path = Assets.xcassets; sourceTree = "<group>"; };
		A79AD5D425C41E7D00AD3176 /* Base */ = {isa = PBXFileReference; lastKnownFileType = file.storyboard; name = Base; path = Base.lproj/LaunchScreen.storyboard; sourceTree = "<group>"; };
		A79AD5D625C41E7D00AD3176 /* Info.plist */ = {isa = PBXFileReference; lastKnownFileType = text.plist.xml; path = Info.plist; sourceTree = "<group>"; };
		A79AD5E825C41F9100AD3176 /* taskB.swift */ = {isa = PBXFileReference; lastKnownFileType = sourcecode.swift; path = taskB.swift; sourceTree = "<group>"; };
		A79AD5EB25C424D600AD3176 /* TableViewCell.swift */ = {isa = PBXFileReference; lastKnownFileType = sourcecode.swift; path = TableViewCell.swift; sourceTree = "<group>"; };
		DF1CAABF4431957B3D173D7F /* Pods-Lesson_14B.release.xcconfig */ = {isa = PBXFileReference; includeInIndex = 1; lastKnownFileType = text.xcconfig; name = "Pods-Lesson_14B.release.xcconfig"; path = "Target Support Files/Pods-Lesson_14B/Pods-Lesson_14B.release.xcconfig"; sourceTree = "<group>"; };
		F028023B178318ADB5C6C74C /* Pods_Lesson_14B.framework */ = {isa = PBXFileReference; explicitFileType = wrapper.framework; includeInIndex = 0; path = Pods_Lesson_14B.framework; sourceTree = BUILT_PRODUCTS_DIR; };
/* End PBXFileReference section */

/* Begin PBXFrameworksBuildPhase section */
		A79AD5BF25C41E7C00AD3176 /* Frameworks */ = {
			isa = PBXFrameworksBuildPhase;
			buildActionMask = 2147483647;
			files = (
				200DAF2258EB516D2BBA68B8 /* Pods_Lesson_14B.framework in Frameworks */,
			);
			runOnlyForDeploymentPostprocessing = 0;
		};
/* End PBXFrameworksBuildPhase section */

/* Begin PBXGroup section */
		63EE3A54FADFA10947FF0C12 /* Pods */ = {
			isa = PBXGroup;
			children = (
				087ECC69D47DB5D010E17834 /* Pods-Lesson_14B.debug.xcconfig */,
				DF1CAABF4431957B3D173D7F /* Pods-Lesson_14B.release.xcconfig */,
			);
			path = Pods;
			sourceTree = "<group>";
		};
		73C4BD4D4478E7E540E8978A /* Frameworks */ = {
			isa = PBXGroup;
			children = (
				F028023B178318ADB5C6C74C /* Pods_Lesson_14B.framework */,
			);
			name = Frameworks;
			sourceTree = "<group>";
		};
		A79AD5B925C41E7C00AD3176 = {
			isa = PBXGroup;
			children = (
				A79AD5C425C41E7C00AD3176 /* Lesson_14B */,
				A79AD5C325C41E7C00AD3176 /* Products */,
				63EE3A54FADFA10947FF0C12 /* Pods */,
				73C4BD4D4478E7E540E8978A /* Frameworks */,
			);
			sourceTree = "<group>";
		};
		A79AD5C325C41E7C00AD3176 /* Products */ = {
			isa = PBXGroup;
			children = (
				A79AD5C225C41E7C00AD3176 /* Lesson_14B.app */,
			);
			name = Products;
			sourceTree = "<group>";
		};
		A79AD5C425C41E7C00AD3176 /* Lesson_14B */ = {
			isa = PBXGroup;
			children = (
				A79AD5C525C41E7C00AD3176 /* AppDelegate.swift */,
				A79AD5C725C41E7C00AD3176 /* SceneDelegate.swift */,
				A79AD5CB25C41E7C00AD3176 /* Main.storyboard */,
				A79AD5E825C41F9100AD3176 /* taskB.swift */,
				A79AD5C925C41E7C00AD3176 /* ViewController.swift */,
				A79AD5EB25C424D600AD3176 /* TableViewCell.swift */,
				A79AD5D125C41E7D00AD3176 /* Assets.xcassets */,
				A79AD5D325C41E7D00AD3176 /* LaunchScreen.storyboard */,
				A79AD5D625C41E7D00AD3176 /* Info.plist */,
				A79AD5CE25C41E7C00AD3176 /* Lesson_14B.xcdatamodeld */,
			);
			path = Lesson_14B;
			sourceTree = "<group>";
		};
/* End PBXGroup section */

/* Begin PBXNativeTarget section */
		A79AD5C125C41E7C00AD3176 /* Lesson_14B */ = {
			isa = PBXNativeTarget;
			buildConfigurationList = A79AD5D925C41E7D00AD3176 /* Build configuration list for PBXNativeTarget "Lesson_14B" */;
			buildPhases = (
				1D62B98721FE7A0BC1FA3E4E /* [CP] Check Pods Manifest.lock */,
				A79AD5BE25C41E7C00AD3176 /* Sources */,
				A79AD5BF25C41E7C00AD3176 /* Frameworks */,
				A79AD5C025C41E7C00AD3176 /* Resources */,
				3EB4A5253E7C096BD223051A /* [CP] Embed Pods Frameworks */,
			);
			buildRules = (
			);
			dependencies = (
			);
			name = Lesson_14B;
			productName = Lesson_14B;
			productReference = A79AD5C225C41E7C00AD3176 /* Lesson_14B.app */;
			productType = "com.apple.product-type.application";
		};
/* End PBXNativeTarget section */

/* Begin PBXProject section */
		A79AD5BA25C41E7C00AD3176 /* Project object */ = {
			isa = PBXProject;
			attributes = {
				LastSwiftUpdateCheck = 1240;
				LastUpgradeCheck = 1240;
				TargetAttributes = {
					A79AD5C125C41E7C00AD3176 = {
						CreatedOnToolsVersion = 12.4;
					};
				};
			};
			buildConfigurationList = A79AD5BD25C41E7C00AD3176 /* Build configuration list for PBXProject "Lesson_14B" */;
			compatibilityVersion = "Xcode 9.3";
			developmentRegion = en;
			hasScannedForEncodings = 0;
			knownRegions = (
				en,
				Base,
			);
			mainGroup = A79AD5B925C41E7C00AD3176;
			productRefGroup = A79AD5C325C41E7C00AD3176 /* Products */;
			projectDirPath = "";
			projectRoot = "";
			targets = (
				A79AD5C125C41E7C00AD3176 /* Lesson_14B */,
			);
		};
/* End PBXProject section */

/* Begin PBXResourcesBuildPhase section */
		A79AD5C025C41E7C00AD3176 /* Resources */ = {
			isa = PBXResourcesBuildPhase;
			buildActionMask = 2147483647;
			files = (
				A79AD5D525C41E7D00AD3176 /* LaunchScreen.storyboard in Resources */,
				A79AD5D225C41E7D00AD3176 /* Assets.xcassets in Resources */,
				A79AD5CD25C41E7C00AD3176 /* Main.storyboard in Resources */,
			);
			runOnlyForDeploymentPostprocessing = 0;
		};
/* End PBXResourcesBuildPhase section */

/* Begin PBXShellScriptBuildPhase section */
		1D62B98721FE7A0BC1FA3E4E /* [CP] Check Pods Manifest.lock */ = {
			isa = PBXShellScriptBuildPhase;
			buildActionMask = 2147483647;
			files = (
			);
			inputFileListPaths = (
			);
			inputPaths = (
				"${PODS_PODFILE_DIR_PATH}/Podfile.lock",
				"${PODS_ROOT}/Manifest.lock",
			);
			name = "[CP] Check Pods Manifest.lock";
			outputFileListPaths = (
			);
			outputPaths = (
				"$(DERIVED_FILE_DIR)/Pods-Lesson_14B-checkManifestLockResult.txt",
			);
			runOnlyForDeploymentPostprocessing = 0;
			shellPath = /bin/sh;
			shellScript = "diff \"${PODS_PODFILE_DIR_PATH}/Podfile.lock\" \"${PODS_ROOT}/Manifest.lock\" > /dev/null\nif [ $? != 0 ] ; then\n    # print error to STDERR\n    echo \"error: The sandbox is not in sync with the Podfile.lock. Run 'pod install' or update your CocoaPods installation.\" >&2\n    exit 1\nfi\n# This output is used by Xcode 'outputs' to avoid re-running this script phase.\necho \"SUCCESS\" > \"${SCRIPT_OUTPUT_FILE_0}\"\n";
			showEnvVarsInLog = 0;
		};
		3EB4A5253E7C096BD223051A /* [CP] Embed Pods Frameworks */ = {
			isa = PBXShellScriptBuildPhase;
			buildActionMask = 2147483647;
			files = (
			);
			inputFileListPaths = (
				"${PODS_ROOT}/Target Support Files/Pods-Lesson_14B/Pods-Lesson_14B-frameworks-${CONFIGURATION}-input-files.xcfilelist",
			);
			name = "[CP] Embed Pods Frameworks";
			outputFileListPaths = (
				"${PODS_ROOT}/Target Support Files/Pods-Lesson_14B/Pods-Lesson_14B-frameworks-${CONFIGURATION}-output-files.xcfilelist",
			);
			runOnlyForDeploymentPostprocessing = 0;
			shellPath = /bin/sh;
			shellScript = "\"${PODS_ROOT}/Target Support Files/Pods-Lesson_14B/Pods-Lesson_14B-frameworks.sh\"\n";
			showEnvVarsInLog = 0;
		};
/* End PBXShellScriptBuildPhase section */

/* Begin PBXSourcesBuildPhase section */
		A79AD5BE25C41E7C00AD3176 /* Sources */ = {
			isa = PBXSourcesBuildPhase;
			buildActionMask = 2147483647;
			files = (
				A79AD5E925C41F9100AD3176 /* taskB.swift in Sources */,
				A79AD5CA25C41E7C00AD3176 /* ViewController.swift in Sources */,
				A79AD5D025C41E7C00AD3176 /* Lesson_14B.xcdatamodeld in Sources */,
				A79AD5EC25C424D600AD3176 /* TableViewCell.swift in Sources */,
				A79AD5C625C41E7C00AD3176 /* AppDelegate.swift in Sources */,
				A79AD5C825C41E7C00AD3176 /* SceneDelegate.swift in Sources */,
			);
			runOnlyForDeploymentPostprocessing = 0;
		};
/* End PBXSourcesBuildPhase section */

/* Begin PBXVariantGroup section */
		A79AD5CB25C41E7C00AD3176 /* Main.storyboard */ = {
			isa = PBXVariantGroup;
			children = (
				A79AD5CC25C41E7C00AD3176 /* Base */,
			);
			name = Main.storyboard;
			sourceTree = "<group>";
		};
		A79AD5D325C41E7D00AD3176 /* LaunchScreen.storyboard */ = {
			isa = PBXVariantGroup;
			children = (
				A79AD5D425C41E7D00AD3176 /* Base */,
			);
			name = LaunchScreen.storyboard;
			sourceTree = "<group>";
		};
/* End PBXVariantGroup section */

/* Begin XCBuildConfiguration section */
		A79AD5D725C41E7D00AD3176 /* Debug */ = {
			isa = XCBuildConfiguration;
			buildSettings = {
				ALWAYS_SEARCH_USER_PATHS = NO;
				CLANG_ANALYZER_NONNULL = YES;
				CLANG_ANALYZER_NUMBER_OBJECT_CONVERSION = YES_AGGRESSIVE;
				CLANG_CXX_LANGUAGE_STANDARD = "gnu++14";
				CLANG_CXX_LIBRARY = "libc++";
				CLANG_ENABLE_MODULES = YES;
				CLANG_ENABLE_OBJC_ARC = YES;
				CLANG_ENABLE_OBJC_WEAK = YES;
				CLANG_WARN_BLOCK_CAPTURE_AUTORELEASING = YES;
				CLANG_WARN_BOOL_CONVERSION = YES;
				CLANG_WARN_COMMA = YES;
				CLANG_WARN_CONSTANT_CONVERSION = YES;
				CLANG_WARN_DEPRECATED_OBJC_IMPLEMENTATIONS = YES;
				CLANG_WARN_DIRECT_OBJC_ISA_USAGE = YES_ERROR;
				CLANG_WARN_DOCUMENTATION_COMMENTS = YES;
				CLANG_WARN_EMPTY_BODY = YES;
				CLANG_WARN_ENUM_CONVERSION = YES;
				CLANG_WARN_INFINITE_RECURSION = YES;
				CLANG_WARN_INT_CONVERSION = YES;
				CLANG_WARN_NON_LITERAL_NULL_CONVERSION = YES;
				CLANG_WARN_OBJC_IMPLICIT_RETAIN_SELF = YES;
				CLANG_WARN_OBJC_LITERAL_CONVERSION = YES;
				CLANG_WARN_OBJC_ROOT_CLASS = YES_ERROR;
				CLANG_WARN_QUOTED_INCLUDE_IN_FRAMEWORK_HEADER = YES;
				CLANG_WARN_RANGE_LOOP_ANALYSIS = YES;
				CLANG_WARN_STRICT_PROTOTYPES = YES;
				CLANG_WARN_SUSPICIOUS_MOVE = YES;
				CLANG_WARN_UNGUARDED_AVAILABILITY = YES_AGGRESSIVE;
				CLANG_WARN_UNREACHABLE_CODE = YES;
				CLANG_WARN__DUPLICATE_METHOD_MATCH = YES;
				COPY_PHASE_STRIP = NO;
				DEBUG_INFORMATION_FORMAT = dwarf;
				ENABLE_STRICT_OBJC_MSGSEND = YES;
				ENABLE_TESTABILITY = YES;
				GCC_C_LANGUAGE_STANDARD = gnu11;
				GCC_DYNAMIC_NO_PIC = NO;
				GCC_NO_COMMON_BLOCKS = YES;
				GCC_OPTIMIZATION_LEVEL = 0;
				GCC_PREPROCESSOR_DEFINITIONS = (
					"DEBUG=1",
					"$(inherited)",
				);
				GCC_WARN_64_TO_32_BIT_CONVERSION = YES;
				GCC_WARN_ABOUT_RETURN_TYPE = YES_ERROR;
				GCC_WARN_UNDECLARED_SELECTOR = YES;
				GCC_WARN_UNINITIALIZED_AUTOS = YES_AGGRESSIVE;
				GCC_WARN_UNUSED_FUNCTION = YES;
				GCC_WARN_UNUSED_VARIABLE = YES;
				IPHONEOS_DEPLOYMENT_TARGET = 14.4;
				MTL_ENABLE_DEBUG_INFO = INCLUDE_SOURCE;
				MTL_FAST_MATH = YES;
				ONLY_ACTIVE_ARCH = YES;
				SDKROOT = iphoneos;
				SWIFT_ACTIVE_COMPILATION_CONDITIONS = DEBUG;
				SWIFT_OPTIMIZATION_LEVEL = "-Onone";
			};
			name = Debug;
		};
		A79AD5D825C41E7D00AD3176 /* Release */ = {
			isa = XCBuildConfiguration;
			buildSettings = {
				ALWAYS_SEARCH_USER_PATHS = NO;
				CLANG_ANALYZER_NONNULL = YES;
				CLANG_ANALYZER_NUMBER_OBJECT_CONVERSION = YES_AGGRESSIVE;
				CLANG_CXX_LANGUAGE_STANDARD = "gnu++14";
				CLANG_CXX_LIBRARY = "libc++";
				CLANG_ENABLE_MODULES = YES;
				CLANG_ENABLE_OBJC_ARC = YES;
				CLANG_ENABLE_OBJC_WEAK = YES;
				CLANG_WARN_BLOCK_CAPTURE_AUTORELEASING = YES;
				CLANG_WARN_BOOL_CONVERSION = YES;
				CLANG_WARN_COMMA = YES;
				CLANG_WARN_CONSTANT_CONVERSION = YES;
				CLANG_WARN_DEPRECATED_OBJC_IMPLEMENTATIONS = YES;
				CLANG_WARN_DIRECT_OBJC_ISA_USAGE = YES_ERROR;
				CLANG_WARN_DOCUMENTATION_COMMENTS = YES;
				CLANG_WARN_EMPTY_BODY = YES;
				CLANG_WARN_ENUM_CONVERSION = YES;
				CLANG_WARN_INFINITE_RECURSION = YES;
				CLANG_WARN_INT_CONVERSION = YES;
				CLANG_WARN_NON_LITERAL_NULL_CONVERSION = YES;
				CLANG_WARN_OBJC_IMPLICIT_RETAIN_SELF = YES;
				CLANG_WARN_OBJC_LITERAL_CONVERSION = YES;
				CLANG_WARN_OBJC_ROOT_CLASS = YES_ERROR;
				CLANG_WARN_QUOTED_INCLUDE_IN_FRAMEWORK_HEADER = YES;
				CLANG_WARN_RANGE_LOOP_ANALYSIS = YES;
				CLANG_WARN_STRICT_PROTOTYPES = YES;
				CLANG_WARN_SUSPICIOUS_MOVE = YES;
				CLANG_WARN_UNGUARDED_AVAILABILITY = YES_AGGRESSIVE;
				CLANG_WARN_UNREACHABLE_CODE = YES;
				CLANG_WARN__DUPLICATE_METHOD_MATCH = YES;
				COPY_PHASE_STRIP = NO;
				DEBUG_INFORMATION_FORMAT = "dwarf-with-dsym";
				ENABLE_NS_ASSERTIONS = NO;
				ENABLE_STRICT_OBJC_MSGSEND = YES;
				GCC_C_LANGUAGE_STANDARD = gnu11;
				GCC_NO_COMMON_BLOCKS = YES;
				GCC_WARN_64_TO_32_BIT_CONVERSION = YES;
				GCC_WARN_ABOUT_RETURN_TYPE = YES_ERROR;
				GCC_WARN_UNDECLARED_SELECTOR = YES;
				GCC_WARN_UNINITIALIZED_AUTOS = YES_AGGRESSIVE;
				GCC_WARN_UNUSED_FUNCTION = YES;
				GCC_WARN_UNUSED_VARIABLE = YES;
				IPHONEOS_DEPLOYMENT_TARGET = 14.4;
				MTL_ENABLE_DEBUG_INFO = NO;
				MTL_FAST_MATH = YES;
				SDKROOT = iphoneos;
				SWIFT_COMPILATION_MODE = wholemodule;
				SWIFT_OPTIMIZATION_LEVEL = "-O";
				VALIDATE_PRODUCT = YES;
			};
			name = Release;
		};
		A79AD5DA25C41E7D00AD3176 /* Debug */ = {
			isa = XCBuildConfiguration;
			baseConfigurationReference = 087ECC69D47DB5D010E17834 /* Pods-Lesson_14B.debug.xcconfig */;
			buildSettings = {
				ASSETCATALOG_COMPILER_APPICON_NAME = AppIcon;
				ASSETCATALOG_COMPILER_GLOBAL_ACCENT_COLOR_NAME = AccentColor;
				CODE_SIGN_STYLE = Automatic;
				INFOPLIST_FILE = Lesson_14B/Info.plist;
				LD_RUNPATH_SEARCH_PATHS = (
					"$(inherited)",
					"@executable_path/Frameworks",
				);
				PRODUCT_BUNDLE_IDENTIFIER = "DDS.Lesson-14B";
				PRODUCT_NAME = "$(TARGET_NAME)";
				SWIFT_VERSION = 5.0;
				TARGETED_DEVICE_FAMILY = "1,2";
			};
			name = Debug;
		};
		A79AD5DB25C41E7D00AD3176 /* Release */ = {
			isa = XCBuildConfiguration;
			baseConfigurationReference = DF1CAABF4431957B3D173D7F /* Pods-Lesson_14B.release.xcconfig */;
			buildSettings = {
				ASSETCATALOG_COMPILER_APPICON_NAME = AppIcon;
				ASSETCATALOG_COMPILER_GLOBAL_ACCENT_COLOR_NAME = AccentColor;
				CODE_SIGN_STYLE = Automatic;
				INFOPLIST_FILE = Lesson_14B/Info.plist;
				LD_RUNPATH_SEARCH_PATHS = (
					"$(inherited)",
					"@executable_path/Frameworks",
				);
				PRODUCT_BUNDLE_IDENTIFIER = "DDS.Lesson-14B";
				PRODUCT_NAME = "$(TARGET_NAME)";
				SWIFT_VERSION = 5.0;
				TARGETED_DEVICE_FAMILY = "1,2";
			};
			name = Release;
		};
/* End XCBuildConfiguration section */

/* Begin XCConfigurationList section */
		A79AD5BD25C41E7C00AD3176 /* Build configuration list for PBXProject "Lesson_14B" */ = {
			isa = XCConfigurationList;
			buildConfigurations = (
				A79AD5D725C41E7D00AD3176 /* Debug */,
				A79AD5D825C41E7D00AD3176 /* Release */,
			);
			defaultConfigurationIsVisible = 0;
			defaultConfigurationName = Release;
		};
		A79AD5D925C41E7D00AD3176 /* Build configuration list for PBXNativeTarget "Lesson_14B" */ = {
			isa = XCConfigurationList;
			buildConfigurations = (
				A79AD5DA25C41E7D00AD3176 /* Debug */,
				A79AD5DB25C41E7D00AD3176 /* Release */,
			);
			defaultConfigurationIsVisible = 0;
			defaultConfigurationName = Release;
		};
/* End XCConfigurationList section */

/* Begin XCVersionGroup section */
		A79AD5CE25C41E7C00AD3176 /* Lesson_14B.xcdatamodeld */ = {
			isa = XCVersionGroup;
			children = (
				A79AD5CF25C41E7C00AD3176 /* Lesson_14B.xcdatamodel */,
			);
			currentVersion = A79AD5CF25C41E7C00AD3176 /* Lesson_14B.xcdatamodel */;
			path = Lesson_14B.xcdatamodeld;
			sourceTree = "<group>";
			versionGroupType = wrapper.xcdatamodel;
		};
/* End XCVersionGroup section */
	};
	rootObject = A79AD5BA25C41E7C00AD3176 /* Project object */;
}
